
Microsoft Visual Studio Solution File, Format Version 12.00
# Visual Studio Version 17
VisualStudioVersion = 17.4.33403.182
MinimumVisualStudioVersion = 10.0.40219.1
Project("{FAE04EC0-301F-11D3-BF4B-00C04F79EFBC}") = "02", "02\02.csproj", "{F08C88C4-7F99-42A6-8D1B-716E16E7F128}"
EndProject
Global
	GlobalSection(SolutionConfigurationPlatforms) = preSolution
		Debug|Any CPU = Debug|Any CPU
		Release|Any CPU = Release|Any CPU
	EndGlobalSection
	GlobalSection(ProjectConfigurationPlatforms) = postSolution
		{F08C88C4-7F99-42A6-8D1B-716E16E7F128}.Debug|Any CPU.ActiveCfg = Debug|Any CPU
		{F08C88C4-7F99-42A6-8D1B-716E16E7F128}.Debug|Any CPU.Build.0 = Debug|Any CPU
		{F08C88C4-7F99-42A6-8D1B-716E16E7F128}.Release|Any CPU.ActiveCfg = Release|Any CPU
		{F08C88C4-7F99-42A6-8D1B-716E16E7F128}.Release|Any CPU.Build.0 = Release|Any CPU
	EndGlobalSection
	GlobalSection(SolutionProperties) = preSolution
		HideSolutionNode = FALSE
	EndGlobalSection
	GlobalSection(ExtensibilityGlobals) = postSolution
		SolutionGuid = {AC5DCF59-694B-4D3D-A732-9C44E0527881}
	EndGlobalSection
EndGlobal
